{
  "name": "illuminated-translation-engine",
  "lockfileVersion": 3,
  "requires": true,
  "packages": {
    "": {
      "name": "illuminated-translation-engine",
      "dependencies": {
        "jsewts": "^1.0.4",
        "zod": "4.6.5"
      },
      "engines": {
        "node": ">=22"
      }
    },
    "node_modules/jsewts": {
      "version": "1.0.4",
      "resolved": "https://registry.npmjs.org/jsewts/-/jsewts-1.0.4.tgz",
      "integrity": "sha512-3+chOSYH7j7qtIdgX3uLdAqVHaw4asqkQfd5NEw9aOWkJZDxZew33VzG37zt0h2HExlFPOngW83qpwjZMWYKZw==",
      "license": "Apache-2.0"
    },
    "node_modules/zod": {
      "version": "4.6.5",
      "resolved": "https://registry.npmjs.org/zod/-/zod-4.6.5.tgz",
      "integrity": "sha512-v5l/aFXZQeai4awLbOpSoHecE9UiMrnfx75tEXLjNonXVARxQ5mOeipTjROUchszUNCqnE+hqAMujRsRHsut2Q==",
      "license": "MIT",
      "funding": {
        "url": "https://github.com/sponsors/colinhacks"
      }
    }
  }
}
